
Microsoft Visual Studio Solution File, Format Version 12.00
# Visual Studio Version 17
VisualStudioVersion = 17.6.33815.320
MinimumVisualStudioVersion = 10.0.40219.1
Project("{FAE04EC0-301F-11D3-BF4B-00C04F79EFBC}") = "RepoProject", "RepoProject\RepoProject.csproj", "{387E178C-A111-4F1E-9424-A37E759BCAE3}"
EndProject
Global
	GlobalSection(SolutionConfigurationPlatforms) = preSolution
		Debug|Any CPU = Debug|Any CPU
		Release|Any CPU = Release|Any CPU
	EndGlobalSection
	GlobalSection(ProjectConfigurationPlatforms) = postSolution
		{387E178C-A111-4F1E-9424-A37E759BCAE3}.Debug|Any CPU.ActiveCfg = Debug|Any CPU
		{387E178C-A111-4F1E-9424-A37E759BCAE3}.Debug|Any CPU.Build.0 = Debug|Any CPU
		{387E178C-A111-4F1E-9424-A37E759BCAE3}.Release|Any CPU.ActiveCfg = Release|Any CPU
		{387E178C-A111-4F1E-9424-A37E759BCAE3}.Release|Any CPU.Build.0 = Release|Any CPU
	EndGlobalSection
	GlobalSection(SolutionProperties) = preSolution
		HideSolutionNode = FALSE
	EndGlobalSection
	GlobalSection(ExtensibilityGlobals) = postSolution
		SolutionGuid = {635E2A22-AB7F-4394-8362-37FBDBB76CF4}
	EndGlobalSection
EndGlobal
